
Microsoft Visual Studio Solution File, Format Version 12.00
# Visual Studio Version 16
VisualStudioVersion = 16.0.31402.337
MinimumVisualStudioVersion = 10.0.40219.1
Project("{FAE04EC0-301F-11D3-BF4B-00C04F79EFBC}") = "InquiryForm", "InquiryForm\InquiryForm.csproj", "{1906707F-818C-4DF2-9890-E8DF9B71B0F6}"
EndProject
Project("{FAE04EC0-301F-11D3-BF4B-00C04F79EFBC}") = "MyLibrary", "MyLibrary\MyLibrary.csproj", "{9369EE4A-597B-4A75-BF71-FC2511E336EA}"
EndProject
Project("{FAE04EC0-301F-11D3-BF4B-00C04F79EFBC}") = "BodyMassIndex", "BodyMassIndex\BodyMassIndex.csproj", "{5C0273E1-7CFA-4646-BFE3-F636AE5660AD}"
EndProject
Project("{FAE04EC0-301F-11D3-BF4B-00C04F79EFBC}") = "FromAtoB", "FromAtoB\FromAtoB.csproj", "{1E637C11-1A09-4C17-A785-E4ADCC651A3A}"
EndProject
Project("{FAE04EC0-301F-11D3-BF4B-00C04F79EFBC}") = "FromAtoBTest", "FromAtoBTest\FromAtoBTest.csproj", "{5862EBDC-1A01-4541-BF03-B49162BD8F6D}"
EndProject
Project("{FAE04EC0-301F-11D3-BF4B-00C04F79EFBC}") = "VarSwap", "VarSwap\VarSwap.csproj", "{843F1E0F-89E2-49E6-BD8D-2CB50C3E81D3}"
EndProject
Global
	GlobalSection(SolutionConfigurationPlatforms) = preSolution
		Debug|Any CPU = Debug|Any CPU
		Release|Any CPU = Release|Any CPU
	EndGlobalSection
	GlobalSection(ProjectConfigurationPlatforms) = postSolution
		{1906707F-818C-4DF2-9890-E8DF9B71B0F6}.Debug|Any CPU.ActiveCfg = Debug|Any CPU
		{1906707F-818C-4DF2-9890-E8DF9B71B0F6}.Debug|Any CPU.Build.0 = Debug|Any CPU
		{1906707F-818C-4DF2-9890-E8DF9B71B0F6}.Release|Any CPU.ActiveCfg = Release|Any CPU
		{1906707F-818C-4DF2-9890-E8DF9B71B0F6}.Release|Any CPU.Build.0 = Release|Any CPU
		{9369EE4A-597B-4A75-BF71-FC2511E336EA}.Debug|Any CPU.ActiveCfg = Debug|Any CPU
		{9369EE4A-597B-4A75-BF71-FC2511E336EA}.Debug|Any CPU.Build.0 = Debug|Any CPU
		{9369EE4A-597B-4A75-BF71-FC2511E336EA}.Release|Any CPU.ActiveCfg = Release|Any CPU
		{9369EE4A-597B-4A75-BF71-FC2511E336EA}.Release|Any CPU.Build.0 = Release|Any CPU
		{5C0273E1-7CFA-4646-BFE3-F636AE5660AD}.Debug|Any CPU.ActiveCfg = Debug|Any CPU
		{5C0273E1-7CFA-4646-BFE3-F636AE5660AD}.Debug|Any CPU.Build.0 = Debug|Any CPU
		{5C0273E1-7CFA-4646-BFE3-F636AE5660AD}.Release|Any CPU.ActiveCfg = Release|Any CPU
		{5C0273E1-7CFA-4646-BFE3-F636AE5660AD}.Release|Any CPU.Build.0 = Release|Any CPU
		{1E637C11-1A09-4C17-A785-E4ADCC651A3A}.Debug|Any CPU.ActiveCfg = Debug|Any CPU
		{1E637C11-1A09-4C17-A785-E4ADCC651A3A}.Debug|Any CPU.Build.0 = Debug|Any CPU
		{1E637C11-1A09-4C17-A785-E4ADCC651A3A}.Release|Any CPU.ActiveCfg = Release|Any CPU
		{1E637C11-1A09-4C17-A785-E4ADCC651A3A}.Release|Any CPU.Build.0 = Release|Any CPU
		{5862EBDC-1A01-4541-BF03-B49162BD8F6D}.Debug|Any CPU.ActiveCfg = Debug|Any CPU
		{5862EBDC-1A01-4541-BF03-B49162BD8F6D}.Debug|Any CPU.Build.0 = Debug|Any CPU
		{5862EBDC-1A01-4541-BF03-B49162BD8F6D}.Release|Any CPU.ActiveCfg = Release|Any CPU
		{5862EBDC-1A01-4541-BF03-B49162BD8F6D}.Release|Any CPU.Build.0 = Release|Any CPU
		{843F1E0F-89E2-49E6-BD8D-2CB50C3E81D3}.Debug|Any CPU.ActiveCfg = Debug|Any CPU
		{843F1E0F-89E2-49E6-BD8D-2CB50C3E81D3}.Debug|Any CPU.Build.0 = Debug|Any CPU
		{843F1E0F-89E2-49E6-BD8D-2CB50C3E81D3}.Release|Any CPU.ActiveCfg = Release|Any CPU
		{843F1E0F-89E2-49E6-BD8D-2CB50C3E81D3}.Release|Any CPU.Build.0 = Release|Any CPU
	EndGlobalSection
	GlobalSection(SolutionProperties) = preSolution
		HideSolutionNode = FALSE
	EndGlobalSection
	GlobalSection(ExtensibilityGlobals) = postSolution
		SolutionGuid = {D759FBAF-FB7F-4F1E-948E-2A00CE471A2B}
	EndGlobalSection
EndGlobal
